
Microsoft Visual Studio Solution File, Format Version 12.00
# Visual Studio Version 17
VisualStudioVersion = 17.10.35027.167
MinimumVisualStudioVersion = 10.0.40219.1
Project("{FAE04EC0-301F-11D3-BF4B-00C04F79EFBC}") = "CodingTrackerApp", "CodingTrackerApp\CodingTrackerApp.csproj", "{6379E8D8-DCA6-48F3-901F-A2D2915BF30E}"
EndProject
Global
	GlobalSection(SolutionConfigurationPlatforms) = preSolution
		Debug|Any CPU = Debug|Any CPU
		Release|Any CPU = Release|Any CPU
	EndGlobalSection
	GlobalSection(ProjectConfigurationPlatforms) = postSolution
		{6379E8D8-DCA6-48F3-901F-A2D2915BF30E}.Debug|Any CPU.ActiveCfg = Debug|Any CPU
		{6379E8D8-DCA6-48F3-901F-A2D2915BF30E}.Debug|Any CPU.Build.0 = Debug|Any CPU
		{6379E8D8-DCA6-48F3-901F-A2D2915BF30E}.Release|Any CPU.ActiveCfg = Release|Any CPU
		{6379E8D8-DCA6-48F3-901F-A2D2915BF30E}.Release|Any CPU.Build.0 = Release|Any CPU
	EndGlobalSection
	GlobalSection(SolutionProperties) = preSolution
		HideSolutionNode = FALSE
	EndGlobalSection
	GlobalSection(ExtensibilityGlobals) = postSolution
		SolutionGuid = {ECE40275-A4C3-46D1-B34B-F965CC64DACE}
	EndGlobalSection
EndGlobal
